
Microsoft Visual Studio Solution File, Format Version 12.00
# Visual Studio Version 17
VisualStudioVersion = 17.11.35327.3
MinimumVisualStudioVersion = 10.0.40219.1
Project("{FAE04EC0-301F-11D3-BF4B-00C04F79EFBC}") = "Cambio segun compra", "Cambio segun compra.csproj", "{2C949C87-9B68-4058-B8EE-5F0F5A5C5B49}"
EndProject
Global
	GlobalSection(SolutionConfigurationPlatforms) = preSolution
		Debug|Any CPU = Debug|Any CPU
		Release|Any CPU = Release|Any CPU
	EndGlobalSection
	GlobalSection(ProjectConfigurationPlatforms) = postSolution
		{2C949C87-9B68-4058-B8EE-5F0F5A5C5B49}.Debug|Any CPU.ActiveCfg = Debug|Any CPU
		{2C949C87-9B68-4058-B8EE-5F0F5A5C5B49}.Debug|Any CPU.Build.0 = Debug|Any CPU
		{2C949C87-9B68-4058-B8EE-5F0F5A5C5B49}.Release|Any CPU.ActiveCfg = Release|Any CPU
		{2C949C87-9B68-4058-B8EE-5F0F5A5C5B49}.Release|Any CPU.Build.0 = Release|Any CPU
	EndGlobalSection
	GlobalSection(SolutionProperties) = preSolution
		HideSolutionNode = FALSE
	EndGlobalSection
	GlobalSection(ExtensibilityGlobals) = postSolution
		SolutionGuid = {401F555F-B569-4D1F-9BC1-7728B01E4761}
	EndGlobalSection
EndGlobal
